
Microsoft Visual Studio Solution File, Format Version 12.00
# Visual Studio Version 17
VisualStudioVersion = 17.7.34024.191
MinimumVisualStudioVersion = 10.0.40219.1
Project("{2150E333-8FDC-42A3-9474-1A3956D46DE8}") = "PaymentContext.Api", "PaymentContext.Api", "{232EAD30-5DDB-4DDC-BE37-B17B81FB8EA2}"
EndProject
Project("{2150E333-8FDC-42A3-9474-1A3956D46DE8}") = "PaymentContext.Core", "PaymentContext.Core", "{9D30DA52-FE79-40CB-B4FF-B6194A91483B}"
EndProject
Project("{2150E333-8FDC-42A3-9474-1A3956D46DE8}") = "PaymentContext.Tests", "PaymentContext.Tests", "{39DFA5D0-1B4C-48C9-AB37-70B5344F1227}"
EndProject
Project("{FAE04EC0-301F-11D3-BF4B-00C04F79EFBC}") = "PaymentContext.Domain", "PaymentContext.Domain\PaymentContext.Domain.csproj", "{3FA4589B-9EDB-4460-806F-FE65B951A3C6}"
EndProject
Project("{FAE04EC0-301F-11D3-BF4B-00C04F79EFBC}") = "PaymentContext.Tests", "PaymentContext.Tests\PaymentContext.Tests.csproj", "{C5A60FEB-6F46-4169-B3FD-34EC2D0898C9}"
EndProject
Project("{FAE04EC0-301F-11D3-BF4B-00C04F79EFBC}") = "PaymentContext.Api", "PaymentContext.Api\PaymentContext.Api.csproj", "{118358D6-A1EB-40E6-8506-DC5AE3C3A902}"
EndProject
Global
	GlobalSection(SolutionConfigurationPlatforms) = preSolution
		Debug|Any CPU = Debug|Any CPU
		Release|Any CPU = Release|Any CPU
	EndGlobalSection
	GlobalSection(ProjectConfigurationPlatforms) = postSolution
		{3FA4589B-9EDB-4460-806F-FE65B951A3C6}.Debug|Any CPU.ActiveCfg = Debug|Any CPU
		{3FA4589B-9EDB-4460-806F-FE65B951A3C6}.Debug|Any CPU.Build.0 = Debug|Any CPU
		{3FA4589B-9EDB-4460-806F-FE65B951A3C6}.Release|Any CPU.ActiveCfg = Release|Any CPU
		{3FA4589B-9EDB-4460-806F-FE65B951A3C6}.Release|Any CPU.Build.0 = Release|Any CPU
		{C5A60FEB-6F46-4169-B3FD-34EC2D0898C9}.Debug|Any CPU.ActiveCfg = Debug|Any CPU
		{C5A60FEB-6F46-4169-B3FD-34EC2D0898C9}.Debug|Any CPU.Build.0 = Debug|Any CPU
		{C5A60FEB-6F46-4169-B3FD-34EC2D0898C9}.Release|Any CPU.ActiveCfg = Release|Any CPU
		{C5A60FEB-6F46-4169-B3FD-34EC2D0898C9}.Release|Any CPU.Build.0 = Release|Any CPU
		{118358D6-A1EB-40E6-8506-DC5AE3C3A902}.Debug|Any CPU.ActiveCfg = Debug|Any CPU
		{118358D6-A1EB-40E6-8506-DC5AE3C3A902}.Debug|Any CPU.Build.0 = Debug|Any CPU
		{118358D6-A1EB-40E6-8506-DC5AE3C3A902}.Release|Any CPU.ActiveCfg = Release|Any CPU
		{118358D6-A1EB-40E6-8506-DC5AE3C3A902}.Release|Any CPU.Build.0 = Release|Any CPU
	EndGlobalSection
	GlobalSection(SolutionProperties) = preSolution
		HideSolutionNode = FALSE
	EndGlobalSection
	GlobalSection(NestedProjects) = preSolution
		{3FA4589B-9EDB-4460-806F-FE65B951A3C6} = {9D30DA52-FE79-40CB-B4FF-B6194A91483B}
		{C5A60FEB-6F46-4169-B3FD-34EC2D0898C9} = {39DFA5D0-1B4C-48C9-AB37-70B5344F1227}
		{118358D6-A1EB-40E6-8506-DC5AE3C3A902} = {232EAD30-5DDB-4DDC-BE37-B17B81FB8EA2}
	EndGlobalSection
	GlobalSection(ExtensibilityGlobals) = postSolution
		SolutionGuid = {484DF619-0740-4B00-91FD-5EE751FEA01B}
	EndGlobalSection
EndGlobal
